
Microsoft Visual Studio Solution File, Format Version 12.00
# Visual Studio Version 17
VisualStudioVersion = 17.7.34031.279
MinimumVisualStudioVersion = 10.0.40219.1
Project("{2150E333-8FDC-42A3-9474-1A3956D46DE8}") = "src", "src", "{5B9300D7-CF9A-4251-8CB6-561963BBBC44}"
EndProject
Project("{2150E333-8FDC-42A3-9474-1A3956D46DE8}") = "Catalog", "Catalog", "{A0A7EF5A-4C9F-4615-9C34-889D4D5968C6}"
EndProject
Project("{2150E333-8FDC-42A3-9474-1A3956D46DE8}") = "Shared", "Shared", "{C6F608F7-B79D-4E34-8E80-2948C251A389}"
EndProject
Project("{2150E333-8FDC-42A3-9474-1A3956D46DE8}") = "User", "User", "{E079281E-92BC-4A5C-A112-EE937440D2D9}"
EndProject
Project("{9A19103F-16F7-4668-BE54-9A1E7A4F7556}") = "Catalog.Application", "src\Catalog\Catalog.Application\Catalog.Application.csproj", "{660A2042-F060-44FD-91F8-B9785D050363}"
EndProject
Project("{9A19103F-16F7-4668-BE54-9A1E7A4F7556}") = "Shared.Core", "Shared\Shared.Core\Shared.Core.csproj", "{889C2FD2-E16B-4E7F-A3E8-48C0888520FB}"
EndProject
Project("{9A19103F-16F7-4668-BE54-9A1E7A4F7556}") = "Catalog.Infrastructure", "src\Catalog\Catalog.Infrastructure\Catalog.Infrastructure.csproj", "{0A97D35A-5DDB-4C1B-AB76-20265F1D51A3}"
EndProject
Project("{9A19103F-16F7-4668-BE54-9A1E7A4F7556}") = "Catalog.Domain", "src\Catalog\Catalog.Domain\Catalog.Domain.csproj", "{C1A22FB2-C1A6-4838-A734-6596C532AF5F}"
EndProject
Project("{9A19103F-16F7-4668-BE54-9A1E7A4F7556}") = "Catalog.WebAPI", "src\Catalog\Catalog.WebApi\Catalog.WebAPI.csproj", "{70F81033-E5E9-4E0D-9C51-A35AF561096E}"
EndProject
Project("{9A19103F-16F7-4668-BE54-9A1E7A4F7556}") = "User.Infrastructure", "src\User\User.Infrastructure\User.Infrastructure.csproj", "{4A54C232-6047-4419-AE49-973C9957D641}"
EndProject
Project("{9A19103F-16F7-4668-BE54-9A1E7A4F7556}") = "User.WebAPI", "src\User\User.WebAPI\User.WebAPI.csproj", "{02609A44-6412-44B5-82C1-1E26812FE8D0}"
EndProject
Project("{9A19103F-16F7-4668-BE54-9A1E7A4F7556}") = "User.Application", "src\User\Users.Application\User.Application.csproj", "{8591F5A0-EFFE-4EE1-914E-0FC0B935C951}"
EndProject
Project("{2150E333-8FDC-42A3-9474-1A3956D46DE8}") = "tests", "tests", "{4D17FF9A-0108-4439-8ABA-B28810F8644F}"
EndProject
Project("{2150E333-8FDC-42A3-9474-1A3956D46DE8}") = "Catalog", "Catalog", "{0826F69A-6985-404D-8D78-6B9AA1CBAD58}"
EndProject
Project("{2150E333-8FDC-42A3-9474-1A3956D46DE8}") = "User", "User", "{CDA81294-9511-499A-9B4A-91B8E67F4CF0}"
EndProject
Project("{9A19103F-16F7-4668-BE54-9A1E7A4F7556}") = "Catalog.UnitTests", "tests\Catalog\Catalog.UnitTests\Catalog.UnitTests.csproj", "{1D168388-C364-4D58-9AC3-418168617FB2}"
EndProject
Project("{9A19103F-16F7-4668-BE54-9A1E7A4F7556}") = "Catalog.IntegrationTests", "tests\Catalog\Catalog.IntegrationTests\Catalog.IntegrationTests.csproj", "{5E8B1B35-F4C5-4B11-9293-463DB67EFEA0}"
EndProject
Project("{2150E333-8FDC-42A3-9474-1A3956D46DE8}") = "Catalog.LoadTests", "Catalog.LoadTests", "{49F5352D-F008-4927-A18E-1953D0D8C6A0}"
EndProject
Project("{2150E333-8FDC-42A3-9474-1A3956D46DE8}") = "Scripts", "Scripts", "{D52066A4-0B08-4BCA-B0A0-1A8FEA04A860}"
	ProjectSection(SolutionItems) = preProject
		tests\Catalog\Catalog.LoadTests\Scripts\api-test.js = tests\Catalog\Catalog.LoadTests\Scripts\api-test.js
	EndProjectSection
EndProject
Project("{2150E333-8FDC-42A3-9474-1A3956D46DE8}") = "Elementos de la solución", "Elementos de la solución", "{24AE1D25-205C-45B2-A063-644A06719C5F}"
	ProjectSection(SolutionItems) = preProject
		docker-compose.yaml = docker-compose.yaml
	EndProjectSection
EndProject
Project("{2150E333-8FDC-42A3-9474-1A3956D46DE8}") = "k8s", "k8s", "{E4C00B5E-3699-44B8-8CA1-97577B858B48}"
EndProject
Project("{2150E333-8FDC-42A3-9474-1A3956D46DE8}") = "overlays", "overlays", "{72D57402-6776-4AA2-89A7-985EE472FBFB}"
EndProject
Project("{2150E333-8FDC-42A3-9474-1A3956D46DE8}") = "development", "development", "{06E9484A-17C7-43A0-AD6D-8DF18C02F4ED}"
	ProjectSection(SolutionItems) = preProject
		k8s\overlays\development\kustomization.yaml = k8s\overlays\development\kustomization.yaml
		k8s\overlays\development\namespace.yaml = k8s\overlays\development\namespace.yaml
	EndProjectSection
EndProject
Project("{2150E333-8FDC-42A3-9474-1A3956D46DE8}") = "production", "production", "{0072CF27-078C-477F-81BE-CF4AD59B9261}"
EndProject
Project("{2150E333-8FDC-42A3-9474-1A3956D46DE8}") = "catalog", "catalog", "{1DD3BE76-3A06-4725-9077-F97E7E825AD0}"
	ProjectSection(SolutionItems) = preProject
		k8s\overlays\development\catalog\deployment.yaml = k8s\overlays\development\catalog\deployment.yaml
		k8s\overlays\development\catalog\kustomization.yaml = k8s\overlays\development\catalog\kustomization.yaml
		k8s\overlays\development\catalog\service.yaml = k8s\overlays\development\catalog\service.yaml
	EndProjectSection
EndProject
Project("{2150E333-8FDC-42A3-9474-1A3956D46DE8}") = "database", "database", "{9C3D9428-1611-4DEF-8874-62081BE2EFA1}"
	ProjectSection(SolutionItems) = preProject
		k8s\overlays\development\database\deployment.yaml = k8s\overlays\development\database\deployment.yaml
		k8s\overlays\development\database\kustomization.yaml = k8s\overlays\development\database\kustomization.yaml
	EndProjectSection
EndProject
Project("{2150E333-8FDC-42A3-9474-1A3956D46DE8}") = "user", "user", "{87ED10D7-C90C-49DE-9DDF-0D8A4B8E74C8}"
	ProjectSection(SolutionItems) = preProject
		k8s\overlays\development\user\configmap.yaml = k8s\overlays\development\user\configmap.yaml
		k8s\overlays\development\user\deployment.yaml = k8s\overlays\development\user\deployment.yaml
		k8s\overlays\development\user\kustomization.yaml = k8s\overlays\development\user\kustomization.yaml
		k8s\overlays\development\user\service.yaml = k8s\overlays\development\user\service.yaml
	EndProjectSection
EndProject
Project("{2150E333-8FDC-42A3-9474-1A3956D46DE8}") = "base", "base", "{65E34109-8D8F-4C4C-8F6F-1BF50922642B}"
EndProject
Project("{2150E333-8FDC-42A3-9474-1A3956D46DE8}") = "database", "database", "{747AE917-67BD-4107-8185-15B596D03079}"
	ProjectSection(SolutionItems) = preProject
		k8s\base\database\kustomization.yaml = k8s\base\database\kustomization.yaml
		k8s\base\database\pvc.yaml = k8s\base\database\pvc.yaml
		k8s\base\database\service.yaml = k8s\base\database\service.yaml
	EndProjectSection
EndProject
Project("{2150E333-8FDC-42A3-9474-1A3956D46DE8}") = "secrets", "secrets", "{AB554CBE-FB18-479F-86CF-38BB94CC7277}"
	ProjectSection(SolutionItems) = preProject
		k8s\overlays\development\database\secrets\db-secrets.yaml = k8s\overlays\development\database\secrets\db-secrets.yaml
	EndProjectSection
EndProject
Project("{2150E333-8FDC-42A3-9474-1A3956D46DE8}") = "secrets", "secrets", "{EAC117B8-726C-412C-8964-1C519FC83E9F}"
	ProjectSection(SolutionItems) = preProject
		k8s\overlays\development\user\secrets\app-secret.yaml = k8s\overlays\development\user\secrets\app-secret.yaml
	EndProjectSection
EndProject
Project("{FAE04EC0-301F-11D3-BF4B-00C04F79EFBC}") = "Shared.Infrastructure", "Shared\Shared.Infrastructure\Shared.Infrastructure.csproj", "{70CF99F4-A4E1-4728-8344-69F3217AECE7}"
EndProject
Global
	GlobalSection(SolutionConfigurationPlatforms) = preSolution
		Debug|Any CPU = Debug|Any CPU
		Release|Any CPU = Release|Any CPU
	EndGlobalSection
	GlobalSection(ProjectConfigurationPlatforms) = postSolution
		{660A2042-F060-44FD-91F8-B9785D050363}.Debug|Any CPU.ActiveCfg = Debug|Any CPU
		{660A2042-F060-44FD-91F8-B9785D050363}.Debug|Any CPU.Build.0 = Debug|Any CPU
		{660A2042-F060-44FD-91F8-B9785D050363}.Release|Any CPU.ActiveCfg = Release|Any CPU
		{660A2042-F060-44FD-91F8-B9785D050363}.Release|Any CPU.Build.0 = Release|Any CPU
		{889C2FD2-E16B-4E7F-A3E8-48C0888520FB}.Debug|Any CPU.ActiveCfg = Debug|Any CPU
		{889C2FD2-E16B-4E7F-A3E8-48C0888520FB}.Debug|Any CPU.Build.0 = Debug|Any CPU
		{889C2FD2-E16B-4E7F-A3E8-48C0888520FB}.Release|Any CPU.ActiveCfg = Release|Any CPU
		{889C2FD2-E16B-4E7F-A3E8-48C0888520FB}.Release|Any CPU.Build.0 = Release|Any CPU
		{0A97D35A-5DDB-4C1B-AB76-20265F1D51A3}.Debug|Any CPU.ActiveCfg = Debug|Any CPU
		{0A97D35A-5DDB-4C1B-AB76-20265F1D51A3}.Debug|Any CPU.Build.0 = Debug|Any CPU
		{0A97D35A-5DDB-4C1B-AB76-20265F1D51A3}.Release|Any CPU.ActiveCfg = Release|Any CPU
		{0A97D35A-5DDB-4C1B-AB76-20265F1D51A3}.Release|Any CPU.Build.0 = Release|Any CPU
		{C1A22FB2-C1A6-4838-A734-6596C532AF5F}.Debug|Any CPU.ActiveCfg = Debug|Any CPU
		{C1A22FB2-C1A6-4838-A734-6596C532AF5F}.Debug|Any CPU.Build.0 = Debug|Any CPU
		{C1A22FB2-C1A6-4838-A734-6596C532AF5F}.Release|Any CPU.ActiveCfg = Release|Any CPU
		{C1A22FB2-C1A6-4838-A734-6596C532AF5F}.Release|Any CPU.Build.0 = Release|Any CPU
		{70F81033-E5E9-4E0D-9C51-A35AF561096E}.Debug|Any CPU.ActiveCfg = Debug|Any CPU
		{70F81033-E5E9-4E0D-9C51-A35AF561096E}.Debug|Any CPU.Build.0 = Debug|Any CPU
		{70F81033-E5E9-4E0D-9C51-A35AF561096E}.Release|Any CPU.ActiveCfg = Release|Any CPU
		{70F81033-E5E9-4E0D-9C51-A35AF561096E}.Release|Any CPU.Build.0 = Release|Any CPU
		{4A54C232-6047-4419-AE49-973C9957D641}.Debug|Any CPU.ActiveCfg = Debug|Any CPU
		{4A54C232-6047-4419-AE49-973C9957D641}.Debug|Any CPU.Build.0 = Debug|Any CPU
		{4A54C232-6047-4419-AE49-973C9957D641}.Release|Any CPU.ActiveCfg = Release|Any CPU
		{4A54C232-6047-4419-AE49-973C9957D641}.Release|Any CPU.Build.0 = Release|Any CPU
		{02609A44-6412-44B5-82C1-1E26812FE8D0}.Debug|Any CPU.ActiveCfg = Debug|Any CPU
		{02609A44-6412-44B5-82C1-1E26812FE8D0}.Debug|Any CPU.Build.0 = Debug|Any CPU
		{02609A44-6412-44B5-82C1-1E26812FE8D0}.Release|Any CPU.ActiveCfg = Release|Any CPU
		{02609A44-6412-44B5-82C1-1E26812FE8D0}.Release|Any CPU.Build.0 = Release|Any CPU
		{8591F5A0-EFFE-4EE1-914E-0FC0B935C951}.Debug|Any CPU.ActiveCfg = Debug|Any CPU
		{8591F5A0-EFFE-4EE1-914E-0FC0B935C951}.Debug|Any CPU.Build.0 = Debug|Any CPU
		{8591F5A0-EFFE-4EE1-914E-0FC0B935C951}.Release|Any CPU.ActiveCfg = Release|Any CPU
		{8591F5A0-EFFE-4EE1-914E-0FC0B935C951}.Release|Any CPU.Build.0 = Release|Any CPU
		{1D168388-C364-4D58-9AC3-418168617FB2}.Debug|Any CPU.ActiveCfg = Debug|Any CPU
		{1D168388-C364-4D58-9AC3-418168617FB2}.Debug|Any CPU.Build.0 = Debug|Any CPU
		{1D168388-C364-4D58-9AC3-418168617FB2}.Release|Any CPU.ActiveCfg = Release|Any CPU
		{1D168388-C364-4D58-9AC3-418168617FB2}.Release|Any CPU.Build.0 = Release|Any CPU
		{5E8B1B35-F4C5-4B11-9293-463DB67EFEA0}.Debug|Any CPU.ActiveCfg = Debug|Any CPU
		{5E8B1B35-F4C5-4B11-9293-463DB67EFEA0}.Debug|Any CPU.Build.0 = Debug|Any CPU
		{5E8B1B35-F4C5-4B11-9293-463DB67EFEA0}.Release|Any CPU.ActiveCfg = Release|Any CPU
		{5E8B1B35-F4C5-4B11-9293-463DB67EFEA0}.Release|Any CPU.Build.0 = Release|Any CPU
		{70CF99F4-A4E1-4728-8344-69F3217AECE7}.Debug|Any CPU.ActiveCfg = Debug|Any CPU
		{70CF99F4-A4E1-4728-8344-69F3217AECE7}.Debug|Any CPU.Build.0 = Debug|Any CPU
		{70CF99F4-A4E1-4728-8344-69F3217AECE7}.Release|Any CPU.ActiveCfg = Release|Any CPU
		{70CF99F4-A4E1-4728-8344-69F3217AECE7}.Release|Any CPU.Build.0 = Release|Any CPU
	EndGlobalSection
	GlobalSection(SolutionProperties) = preSolution
		HideSolutionNode = FALSE
	EndGlobalSection
	GlobalSection(NestedProjects) = preSolution
		{A0A7EF5A-4C9F-4615-9C34-889D4D5968C6} = {5B9300D7-CF9A-4251-8CB6-561963BBBC44}
		{E079281E-92BC-4A5C-A112-EE937440D2D9} = {5B9300D7-CF9A-4251-8CB6-561963BBBC44}
		{660A2042-F060-44FD-91F8-B9785D050363} = {A0A7EF5A-4C9F-4615-9C34-889D4D5968C6}
		{889C2FD2-E16B-4E7F-A3E8-48C0888520FB} = {C6F608F7-B79D-4E34-8E80-2948C251A389}
		{0A97D35A-5DDB-4C1B-AB76-20265F1D51A3} = {A0A7EF5A-4C9F-4615-9C34-889D4D5968C6}
		{C1A22FB2-C1A6-4838-A734-6596C532AF5F} = {A0A7EF5A-4C9F-4615-9C34-889D4D5968C6}
		{70F81033-E5E9-4E0D-9C51-A35AF561096E} = {A0A7EF5A-4C9F-4615-9C34-889D4D5968C6}
		{4A54C232-6047-4419-AE49-973C9957D641} = {E079281E-92BC-4A5C-A112-EE937440D2D9}
		{02609A44-6412-44B5-82C1-1E26812FE8D0} = {E079281E-92BC-4A5C-A112-EE937440D2D9}
		{8591F5A0-EFFE-4EE1-914E-0FC0B935C951} = {E079281E-92BC-4A5C-A112-EE937440D2D9}
		{0826F69A-6985-404D-8D78-6B9AA1CBAD58} = {4D17FF9A-0108-4439-8ABA-B28810F8644F}
		{CDA81294-9511-499A-9B4A-91B8E67F4CF0} = {4D17FF9A-0108-4439-8ABA-B28810F8644F}
		{1D168388-C364-4D58-9AC3-418168617FB2} = {0826F69A-6985-404D-8D78-6B9AA1CBAD58}
		{5E8B1B35-F4C5-4B11-9293-463DB67EFEA0} = {0826F69A-6985-404D-8D78-6B9AA1CBAD58}
		{49F5352D-F008-4927-A18E-1953D0D8C6A0} = {0826F69A-6985-404D-8D78-6B9AA1CBAD58}
		{D52066A4-0B08-4BCA-B0A0-1A8FEA04A860} = {49F5352D-F008-4927-A18E-1953D0D8C6A0}
		{72D57402-6776-4AA2-89A7-985EE472FBFB} = {E4C00B5E-3699-44B8-8CA1-97577B858B48}
		{06E9484A-17C7-43A0-AD6D-8DF18C02F4ED} = {72D57402-6776-4AA2-89A7-985EE472FBFB}
		{0072CF27-078C-477F-81BE-CF4AD59B9261} = {72D57402-6776-4AA2-89A7-985EE472FBFB}
		{1DD3BE76-3A06-4725-9077-F97E7E825AD0} = {06E9484A-17C7-43A0-AD6D-8DF18C02F4ED}
		{9C3D9428-1611-4DEF-8874-62081BE2EFA1} = {06E9484A-17C7-43A0-AD6D-8DF18C02F4ED}
		{87ED10D7-C90C-49DE-9DDF-0D8A4B8E74C8} = {06E9484A-17C7-43A0-AD6D-8DF18C02F4ED}
		{65E34109-8D8F-4C4C-8F6F-1BF50922642B} = {E4C00B5E-3699-44B8-8CA1-97577B858B48}
		{747AE917-67BD-4107-8185-15B596D03079} = {65E34109-8D8F-4C4C-8F6F-1BF50922642B}
		{AB554CBE-FB18-479F-86CF-38BB94CC7277} = {9C3D9428-1611-4DEF-8874-62081BE2EFA1}
		{EAC117B8-726C-412C-8964-1C519FC83E9F} = {87ED10D7-C90C-49DE-9DDF-0D8A4B8E74C8}
		{70CF99F4-A4E1-4728-8344-69F3217AECE7} = {C6F608F7-B79D-4E34-8E80-2948C251A389}
	EndGlobalSection
	GlobalSection(ExtensibilityGlobals) = postSolution
		SolutionGuid = {0BACC71D-1CC4-46AF-A7D1-C1ED5C93F8A6}
	EndGlobalSection
EndGlobal
