
Microsoft Visual Studio Solution File, Format Version 12.00
# Visual Studio Version 17
VisualStudioVersion = 17.7.34031.279
MinimumVisualStudioVersion = 10.0.40219.1
Project("{2150E333-8FDC-42A3-9474-1A3956D46DE8}") = "src", "src", "{5B9300D7-CF9A-4251-8CB6-561963BBBC44}"
EndProject
Project("{2150E333-8FDC-42A3-9474-1A3956D46DE8}") = "Catalog", "Catalog", "{A0A7EF5A-4C9F-4615-9C34-889D4D5968C6}"
EndProject
Project("{2150E333-8FDC-42A3-9474-1A3956D46DE8}") = "Shared", "Shared", "{C6F608F7-B79D-4E34-8E80-2948C251A389}"
EndProject
Project("{2150E333-8FDC-42A3-9474-1A3956D46DE8}") = "User", "User", "{E079281E-92BC-4A5C-A112-EE937440D2D9}"
EndProject
Project("{9A19103F-16F7-4668-BE54-9A1E7A4F7556}") = "Catalog.Application", "src\Catalog\Catalog.Application\Catalog.Application.csproj", "{660A2042-F060-44FD-91F8-B9785D050363}"
EndProject
Project("{9A19103F-16F7-4668-BE54-9A1E7A4F7556}") = "Shared.Core", "Shared\Shared.Core\Shared.Core.csproj", "{889C2FD2-E16B-4E7F-A3E8-48C0888520FB}"
EndProject
Project("{9A19103F-16F7-4668-BE54-9A1E7A4F7556}") = "Catalog.Infrastructure", "src\Catalog\Catalog.Infrastructure\Catalog.Infrastructure.csproj", "{0A97D35A-5DDB-4C1B-AB76-20265F1D51A3}"
EndProject
Project("{9A19103F-16F7-4668-BE54-9A1E7A4F7556}") = "Catalog.Domain", "src\Catalog\Catalog.Domain\Catalog.Domain.csproj", "{C1A22FB2-C1A6-4838-A734-6596C532AF5F}"
EndProject
Project("{9A19103F-16F7-4668-BE54-9A1E7A4F7556}") = "Catalog.WebAPI", "src\Catalog\Catalog.WebApi\Catalog.WebAPI.csproj", "{70F81033-E5E9-4E0D-9C51-A35AF561096E}"
EndProject
Project("{9A19103F-16F7-4668-BE54-9A1E7A4F7556}") = "User.Infrastructure", "src\User\User.Infrastructure\User.Infrastructure.csproj", "{4A54C232-6047-4419-AE49-973C9957D641}"
EndProject
Project("{9A19103F-16F7-4668-BE54-9A1E7A4F7556}") = "User.WebAPI", "src\User\User.WebAPI\User.WebAPI.csproj", "{02609A44-6412-44B5-82C1-1E26812FE8D0}"
EndProject
Project("{2150E333-8FDC-42A3-9474-1A3956D46DE8}") = "tests", "tests", "{4D17FF9A-0108-4439-8ABA-B28810F8644F}"
EndProject
Project("{2150E333-8FDC-42A3-9474-1A3956D46DE8}") = "Catalog", "Catalog", "{0826F69A-6985-404D-8D78-6B9AA1CBAD58}"
EndProject
Project("{2150E333-8FDC-42A3-9474-1A3956D46DE8}") = "User", "User", "{CDA81294-9511-499A-9B4A-91B8E67F4CF0}"
EndProject
Project("{9A19103F-16F7-4668-BE54-9A1E7A4F7556}") = "Catalog.UnitTests", "tests\Catalog\Catalog.UnitTests\Catalog.UnitTests.csproj", "{1D168388-C364-4D58-9AC3-418168617FB2}"
EndProject
Project("{2150E333-8FDC-42A3-9474-1A3956D46DE8}") = "Catalog.LoadTests", "Catalog.LoadTests", "{49F5352D-F008-4927-A18E-1953D0D8C6A0}"
EndProject
Project("{2150E333-8FDC-42A3-9474-1A3956D46DE8}") = "Scripts", "Scripts", "{D52066A4-0B08-4BCA-B0A0-1A8FEA04A860}"
	ProjectSection(SolutionItems) = preProject
		tests\Catalog\Catalog.LoadTests\Scripts\api-test.js = tests\Catalog\Catalog.LoadTests\Scripts\api-test.js
	EndProjectSection
EndProject
Project("{2150E333-8FDC-42A3-9474-1A3956D46DE8}") = "Elementos de la solución", "Elementos de la solución", "{24AE1D25-205C-45B2-A063-644A06719C5F}"
	ProjectSection(SolutionItems) = preProject
		docker-compose.yaml = docker-compose.yaml
	EndProjectSection
EndProject
Project("{2150E333-8FDC-42A3-9474-1A3956D46DE8}") = "k8s", "k8s", "{E4C00B5E-3699-44B8-8CA1-97577B858B48}"
EndProject
Project("{2150E333-8FDC-42A3-9474-1A3956D46DE8}") = "overlays", "overlays", "{72D57402-6776-4AA2-89A7-985EE472FBFB}"
EndProject
Project("{2150E333-8FDC-42A3-9474-1A3956D46DE8}") = "development", "development", "{06E9484A-17C7-43A0-AD6D-8DF18C02F4ED}"
	ProjectSection(SolutionItems) = preProject
		k8s\overlays\development\kustomization.yaml = k8s\overlays\development\kustomization.yaml
		k8s\overlays\development\namespace.yaml = k8s\overlays\development\namespace.yaml
	EndProjectSection
EndProject
Project("{2150E333-8FDC-42A3-9474-1A3956D46DE8}") = "production", "production", "{0072CF27-078C-477F-81BE-CF4AD59B9261}"
	ProjectSection(SolutionItems) = preProject
		k8s\overlays\production\kustomization.yaml = k8s\overlays\production\kustomization.yaml
		k8s\overlays\production\namespace.yaml = k8s\overlays\production\namespace.yaml
		k8s\overlays\production\sql-secrets.yaml = k8s\overlays\production\sql-secrets.yaml
	EndProjectSection
EndProject
Project("{2150E333-8FDC-42A3-9474-1A3956D46DE8}") = "base", "base", "{65E34109-8D8F-4C4C-8F6F-1BF50922642B}"
EndProject
Project("{9A19103F-16F7-4668-BE54-9A1E7A4F7556}") = "Shared.Infrastructure", "Shared\Shared.Infrastructure\Shared.Infrastructure.csproj", "{70CF99F4-A4E1-4728-8344-69F3217AECE7}"
EndProject
Project("{2150E333-8FDC-42A3-9474-1A3956D46DE8}") = "Cart", "Cart", "{B64804BB-0C4E-4EA4-AFC1-AAC15AEEB52E}"
EndProject
Project("{9A19103F-16F7-4668-BE54-9A1E7A4F7556}") = "Cart.Application", "src\Cart\Cart.Application\Cart.Application.csproj", "{4566F919-FAE0-41EE-995D-6E0600F2279B}"
EndProject
Project("{9A19103F-16F7-4668-BE54-9A1E7A4F7556}") = "Cart.Infrastructure", "src\Cart\Cart.Infrastructure\Cart.Infrastructure.csproj", "{BD6911A9-899D-4BFD-B333-E8B01FD53884}"
EndProject
Project("{9A19103F-16F7-4668-BE54-9A1E7A4F7556}") = "Cart.Domain", "src\Cart\Cart.Domain\Cart.Domain.csproj", "{99F85D29-57AE-4246-82C1-7B5B7A9E6A49}"
EndProject
Project("{9A19103F-16F7-4668-BE54-9A1E7A4F7556}") = "Cart.WebAPI", "src\Cart\Cart.WebAPI\Cart.WebAPI.csproj", "{BA6D90A1-CE1A-4EEB-9EDC-4FD271AB75FD}"
EndProject
Project("{2150E333-8FDC-42A3-9474-1A3956D46DE8}") = "network-policies", "network-policies", "{54CB7A3A-1704-498B-AF10-35A402CA60BC}"
	ProjectSection(SolutionItems) = preProject
		k8s\base\network-policies\kustomization.yaml = k8s\base\network-policies\kustomization.yaml
		k8s\base\network-policies\network-policies.yaml = k8s\base\network-policies\network-policies.yaml
	EndProjectSection
EndProject
Project("{2150E333-8FDC-42A3-9474-1A3956D46DE8}") = "infra", "infra", "{FE3C050E-F4DB-4EB1-8DF1-09DE96609FA4}"
EndProject
Project("{2150E333-8FDC-42A3-9474-1A3956D46DE8}") = "kind", "kind", "{A4C96F73-CEED-4B18-9ADF-190F7F4F562C}"
	ProjectSection(SolutionItems) = preProject
		infra\kind\kind-config.yaml = infra\kind\kind-config.yaml
	EndProjectSection
EndProject
Project("{9A19103F-16F7-4668-BE54-9A1E7A4F7556}") = "User.UnitTests", "tests\User\User.UnitTests\User.UnitTests.csproj", "{9B9C7947-597C-4FFC-9AB2-E102A0A80A89}"
EndProject
Project("{9A19103F-16F7-4668-BE54-9A1E7A4F7556}") = "User.Application", "src\User\User.Application\User.Application.csproj", "{AC335E04-DE7B-477F-BF6E-97FAC983FA8F}"
EndProject
Project("{9A19103F-16F7-4668-BE54-9A1E7A4F7556}") = "User.IntegrationTests", "tests\User\User.IntegrationTests\User.IntegrationTests.csproj", "{41EFAFAD-DADE-4F33-AA99-5153F90A29CB}"
EndProject
Project("{2150E333-8FDC-42A3-9474-1A3956D46DE8}") = ".github", ".github", "{87E2CF1E-C446-4833-8BE1-C63BD19314CC}"
EndProject
Project("{2150E333-8FDC-42A3-9474-1A3956D46DE8}") = "workflows", "workflows", "{0A256F41-B378-46A5-8CD4-70ADB3619C12}"
	ProjectSection(SolutionItems) = preProject
		.github\workflows\development-cicd.yml = .github\workflows\development-cicd.yml
		.github\workflows\test-migration-job.yml = .github\workflows\test-migration-job.yml
	EndProjectSection
EndProject
Project("{9A19103F-16F7-4668-BE54-9A1E7A4F7556}") = "Catalog.IntegrationTests", "tests\Catalog\Catalog.IntegrationTests\Catalog.IntegrationTests.csproj", "{507C3F02-766E-48C1-ADD3-E0B4CF00A1E1}"
EndProject
Project("{9A19103F-16F7-4668-BE54-9A1E7A4F7556}") = "Cart.UnitTests", "tests\Cart\Cart.UnitTests\Cart.UnitTests.csproj", "{EB07C340-ED7C-4C4A-9FBE-842B06E656C7}"
EndProject
Project("{2150E333-8FDC-42A3-9474-1A3956D46DE8}") = "Cart", "Cart", "{1724F67F-0084-4C78-8DA2-0DE13B458A48}"
EndProject
Project("{9A19103F-16F7-4668-BE54-9A1E7A4F7556}") = "Cart.IntegrationTests", "tests\Cart\Cart.IntegrationTests\Cart.IntegrationTests.csproj", "{781C3C4E-982A-401C-8F45-2E667A0A9B12}"
EndProject
Project("{2150E333-8FDC-42A3-9474-1A3956D46DE8}") = "apps", "apps", "{3ABCDC9B-E286-4A08-B68D-E2E3519907D0}"
EndProject
Project("{2150E333-8FDC-42A3-9474-1A3956D46DE8}") = "user", "user", "{F4798BC9-DD24-48F9-8495-A13BAD81087C}"
	ProjectSection(SolutionItems) = preProject
		k8s\base\apps\user\configmap.yaml = k8s\base\apps\user\configmap.yaml
		k8s\base\apps\user\deployment.yaml = k8s\base\apps\user\deployment.yaml
		k8s\base\apps\user\kustomization.yaml = k8s\base\apps\user\kustomization.yaml
		k8s\base\apps\user\secrets.yaml = k8s\base\apps\user\secrets.yaml
		k8s\base\apps\user\service.yaml = k8s\base\apps\user\service.yaml
	EndProjectSection
EndProject
Project("{2150E333-8FDC-42A3-9474-1A3956D46DE8}") = "catalog", "catalog", "{9A11B177-AD5C-47A6-B911-43466EB3CF21}"
	ProjectSection(SolutionItems) = preProject
		k8s\base\apps\catalog\deployment.yaml = k8s\base\apps\catalog\deployment.yaml
		k8s\base\apps\catalog\kustomization.yaml = k8s\base\apps\catalog\kustomization.yaml
		k8s\base\apps\catalog\secrets.yaml = k8s\base\apps\catalog\secrets.yaml
		k8s\base\apps\catalog\service.yaml = k8s\base\apps\catalog\service.yaml
	EndProjectSection
EndProject
Project("{2150E333-8FDC-42A3-9474-1A3956D46DE8}") = "cart", "cart", "{B9839A41-8809-4F99-8A8F-6D7C89B95666}"
	ProjectSection(SolutionItems) = preProject
		k8s\base\apps\cart\deployment.yaml = k8s\base\apps\cart\deployment.yaml
		k8s\base\apps\cart\kustomization.yaml = k8s\base\apps\cart\kustomization.yaml
		k8s\base\apps\cart\secrets.yaml = k8s\base\apps\cart\secrets.yaml
		k8s\base\apps\cart\service.yaml = k8s\base\apps\cart\service.yaml
	EndProjectSection
EndProject
Project("{2150E333-8FDC-42A3-9474-1A3956D46DE8}") = "infrastructure", "infrastructure", "{F6594F67-77AF-42B1-BDA9-A92BC328C677}"
EndProject
Project("{2150E333-8FDC-42A3-9474-1A3956D46DE8}") = "database", "database", "{FCF88B30-817B-484F-8302-287D2BF71B0F}"
	ProjectSection(SolutionItems) = preProject
		k8s\base\infrastructure\database\deployment.yaml = k8s\base\infrastructure\database\deployment.yaml
		k8s\base\infrastructure\database\kustomization.yaml = k8s\base\infrastructure\database\kustomization.yaml
		k8s\base\infrastructure\database\pvc.yaml = k8s\base\infrastructure\database\pvc.yaml
		k8s\base\infrastructure\database\secrets.yaml = k8s\base\infrastructure\database\secrets.yaml
		k8s\base\infrastructure\database\service.yaml = k8s\base\infrastructure\database\service.yaml
	EndProjectSection
EndProject
Project("{2150E333-8FDC-42A3-9474-1A3956D46DE8}") = "messaging", "messaging", "{A3119948-528E-45A0-B7DE-8CBE90CB7F3C}"
	ProjectSection(SolutionItems) = preProject
		k8s\base\infrastructure\messaging\deployment.yaml = k8s\base\infrastructure\messaging\deployment.yaml
		k8s\base\infrastructure\messaging\kustomization.yaml = k8s\base\infrastructure\messaging\kustomization.yaml
		k8s\base\infrastructure\messaging\secrets.yaml = k8s\base\infrastructure\messaging\secrets.yaml
		k8s\base\infrastructure\messaging\service.yaml = k8s\base\infrastructure\messaging\service.yaml
	EndProjectSection
EndProject
Project("{2150E333-8FDC-42A3-9474-1A3956D46DE8}") = "monitoring", "monitoring", "{D914C194-6291-4DEA-9E61-C7A9A71B6000}"
	ProjectSection(SolutionItems) = preProject
		k8s\base\infrastructure\monitoring\ingress-monitoring.yaml = k8s\base\infrastructure\monitoring\ingress-monitoring.yaml
		k8s\base\infrastructure\monitoring\kustomization.yaml = k8s\base\infrastructure\monitoring\kustomization.yaml
		k8s\base\infrastructure\monitoring\monitoring-namespace.yaml = k8s\base\infrastructure\monitoring\monitoring-namespace.yaml
		k8s\base\infrastructure\monitoring\servicemonitor-cart.yaml = k8s\base\infrastructure\monitoring\servicemonitor-cart.yaml
		k8s\base\infrastructure\monitoring\servicemonitor-catalog.yaml = k8s\base\infrastructure\monitoring\servicemonitor-catalog.yaml
		k8s\base\infrastructure\monitoring\servicemonitor-user.yaml = k8s\base\infrastructure\monitoring\servicemonitor-user.yaml
	EndProjectSection
EndProject
Project("{2150E333-8FDC-42A3-9474-1A3956D46DE8}") = "ingress", "ingress", "{567F865B-20B4-43E6-8EC0-ADD37EED5998}"
	ProjectSection(SolutionItems) = preProject
		k8s\base\infrastructure\ingress\ingress-apps.yaml = k8s\base\infrastructure\ingress\ingress-apps.yaml
		k8s\base\infrastructure\ingress\kustomization.yaml = k8s\base\infrastructure\ingress\kustomization.yaml
	EndProjectSection
EndProject
Project("{2150E333-8FDC-42A3-9474-1A3956D46DE8}") = "staging", "staging", "{4A2E8487-1833-43B9-9C0C-879BA4987DED}"
EndProject
Project("{2150E333-8FDC-42A3-9474-1A3956D46DE8}") = "patches", "patches", "{F0F3BB09-DD6A-4884-8FF0-D7CD58237267}"
	ProjectSection(SolutionItems) = preProject
		k8s\overlays\development\apps\patches\environment.yaml = k8s\overlays\development\apps\patches\environment.yaml
		k8s\overlays\development\apps\patches\ingress-patch.yaml = k8s\overlays\development\apps\patches\ingress-patch.yaml
	EndProjectSection
EndProject
Project("{2150E333-8FDC-42A3-9474-1A3956D46DE8}") = "apps", "apps", "{D3EF28FA-C78F-449A-8CFE-90FFC547433A}"
EndProject
Project("{2150E333-8FDC-42A3-9474-1A3956D46DE8}") = "monitoring", "monitoring", "{24CFF405-DBAD-4B43-9B30-AB8D61E95E67}"
	ProjectSection(SolutionItems) = preProject
		k8s\overlays\development\monitoring\kustomization.yaml = k8s\overlays\development\monitoring\kustomization.yaml
	EndProjectSection
EndProject
Project("{2150E333-8FDC-42A3-9474-1A3956D46DE8}") = "scripts", "scripts", "{AF358A06-4B82-494F-969D-376E5CA6B859}"
	ProjectSection(SolutionItems) = preProject
		k8s\scripts\deploy-dev.sh = k8s\scripts\deploy-dev.sh
		k8s\scripts\deploy-prod.sh = k8s\scripts\deploy-prod.sh
	EndProjectSection
EndProject
Project("{2150E333-8FDC-42A3-9474-1A3956D46DE8}") = "namespaces", "namespaces", "{39620063-92EA-4752-91E4-768D56847B62}"
	ProjectSection(SolutionItems) = preProject
		k8s\base\infrastructure\namespaces\dev-namespace.yaml = k8s\base\infrastructure\namespaces\dev-namespace.yaml
		k8s\base\infrastructure\namespaces\kustomization.yaml = k8s\base\infrastructure\namespaces\kustomization.yaml
	EndProjectSection
EndProject
Project("{2150E333-8FDC-42A3-9474-1A3956D46DE8}") = "apps", "apps", "{837296EE-DD1C-43C8-9621-8CC6491B40FA}"
EndProject
Project("{2150E333-8FDC-42A3-9474-1A3956D46DE8}") = "patches", "patches", "{DFEDB4FD-E103-40DC-8775-ABCF5E0875FF}"
	ProjectSection(SolutionItems) = preProject
		k8s\overlays\production\apps\patches\environment.yaml = k8s\overlays\production\apps\patches\environment.yaml
		k8s\overlays\production\apps\patches\ingress-patch.yaml = k8s\overlays\production\apps\patches\ingress-patch.yaml
	EndProjectSection
EndProject
Project("{2150E333-8FDC-42A3-9474-1A3956D46DE8}") = "monitoring", "monitoring", "{16B58B83-1C33-402C-8E58-FA8C0796D213}"
	ProjectSection(SolutionItems) = preProject
		k8s\overlays\production\monitoring\kustomization.yaml = k8s\overlays\production\monitoring\kustomization.yaml
	EndProjectSection
EndProject
Project("{2150E333-8FDC-42A3-9474-1A3956D46DE8}") = "network-policies", "network-policies", "{AC2444B9-6EF2-475D-8B34-0355135E2F50}"
	ProjectSection(SolutionItems) = preProject
		k8s\overlays\development\network-policies\sql-connection-patch.yaml = k8s\overlays\development\network-policies\sql-connection-patch.yaml
	EndProjectSection
EndProject
Project("{2150E333-8FDC-42A3-9474-1A3956D46DE8}") = "network-policies", "network-policies", "{723FB16C-CB7A-408F-9B30-980096E25409}"
	ProjectSection(SolutionItems) = preProject
		k8s\overlays\production\network-policies\sql-connection-patch.yaml = k8s\overlays\production\network-policies\sql-connection-patch.yaml
	EndProjectSection
EndProject
Project("{2150E333-8FDC-42A3-9474-1A3956D46DE8}") = "infrastructure", "infrastructure", "{F10E587E-29B5-41F8-892D-FC2DD1455DF3}"
EndProject
Project("{2150E333-8FDC-42A3-9474-1A3956D46DE8}") = "patches", "patches", "{908CB9ED-A3BB-42D9-BCA9-26AFCDD67E2F}"
	ProjectSection(SolutionItems) = preProject
		k8s\overlays\development\infrastructure\patches\ingress-auth-patch.yaml = k8s\overlays\development\infrastructure\patches\ingress-auth-patch.yaml
	EndProjectSection
EndProject
Project("{2150E333-8FDC-42A3-9474-1A3956D46DE8}") = "infrastructure", "infrastructure", "{36F0E436-0E12-4B0B-9415-A834D1E397A9}"
EndProject
Project("{2150E333-8FDC-42A3-9474-1A3956D46DE8}") = "patches", "patches", "{FD3D638F-5640-4054-817E-7C59B5C0A60E}"
	ProjectSection(SolutionItems) = preProject
		k8s\overlays\production\infrastructure\patches\ingress-auth-patch.yaml = k8s\overlays\production\infrastructure\patches\ingress-auth-patch.yaml
	EndProjectSection
EndProject
Global
	GlobalSection(SolutionConfigurationPlatforms) = preSolution
		Debug|Any CPU = Debug|Any CPU
		Release|Any CPU = Release|Any CPU
	EndGlobalSection
	GlobalSection(ProjectConfigurationPlatforms) = postSolution
		{660A2042-F060-44FD-91F8-B9785D050363}.Debug|Any CPU.ActiveCfg = Debug|Any CPU
		{660A2042-F060-44FD-91F8-B9785D050363}.Debug|Any CPU.Build.0 = Debug|Any CPU
		{660A2042-F060-44FD-91F8-B9785D050363}.Release|Any CPU.ActiveCfg = Release|Any CPU
		{660A2042-F060-44FD-91F8-B9785D050363}.Release|Any CPU.Build.0 = Release|Any CPU
		{889C2FD2-E16B-4E7F-A3E8-48C0888520FB}.Debug|Any CPU.ActiveCfg = Debug|Any CPU
		{889C2FD2-E16B-4E7F-A3E8-48C0888520FB}.Debug|Any CPU.Build.0 = Debug|Any CPU
		{889C2FD2-E16B-4E7F-A3E8-48C0888520FB}.Release|Any CPU.ActiveCfg = Release|Any CPU
		{889C2FD2-E16B-4E7F-A3E8-48C0888520FB}.Release|Any CPU.Build.0 = Release|Any CPU
		{0A97D35A-5DDB-4C1B-AB76-20265F1D51A3}.Debug|Any CPU.ActiveCfg = Debug|Any CPU
		{0A97D35A-5DDB-4C1B-AB76-20265F1D51A3}.Debug|Any CPU.Build.0 = Debug|Any CPU
		{0A97D35A-5DDB-4C1B-AB76-20265F1D51A3}.Release|Any CPU.ActiveCfg = Release|Any CPU
		{0A97D35A-5DDB-4C1B-AB76-20265F1D51A3}.Release|Any CPU.Build.0 = Release|Any CPU
		{C1A22FB2-C1A6-4838-A734-6596C532AF5F}.Debug|Any CPU.ActiveCfg = Debug|Any CPU
		{C1A22FB2-C1A6-4838-A734-6596C532AF5F}.Debug|Any CPU.Build.0 = Debug|Any CPU
		{C1A22FB2-C1A6-4838-A734-6596C532AF5F}.Release|Any CPU.ActiveCfg = Release|Any CPU
		{C1A22FB2-C1A6-4838-A734-6596C532AF5F}.Release|Any CPU.Build.0 = Release|Any CPU
		{70F81033-E5E9-4E0D-9C51-A35AF561096E}.Debug|Any CPU.ActiveCfg = Debug|Any CPU
		{70F81033-E5E9-4E0D-9C51-A35AF561096E}.Debug|Any CPU.Build.0 = Debug|Any CPU
		{70F81033-E5E9-4E0D-9C51-A35AF561096E}.Release|Any CPU.ActiveCfg = Release|Any CPU
		{70F81033-E5E9-4E0D-9C51-A35AF561096E}.Release|Any CPU.Build.0 = Release|Any CPU
		{4A54C232-6047-4419-AE49-973C9957D641}.Debug|Any CPU.ActiveCfg = Debug|Any CPU
		{4A54C232-6047-4419-AE49-973C9957D641}.Debug|Any CPU.Build.0 = Debug|Any CPU
		{4A54C232-6047-4419-AE49-973C9957D641}.Release|Any CPU.ActiveCfg = Release|Any CPU
		{4A54C232-6047-4419-AE49-973C9957D641}.Release|Any CPU.Build.0 = Release|Any CPU
		{02609A44-6412-44B5-82C1-1E26812FE8D0}.Debug|Any CPU.ActiveCfg = Debug|Any CPU
		{02609A44-6412-44B5-82C1-1E26812FE8D0}.Debug|Any CPU.Build.0 = Debug|Any CPU
		{02609A44-6412-44B5-82C1-1E26812FE8D0}.Release|Any CPU.ActiveCfg = Release|Any CPU
		{02609A44-6412-44B5-82C1-1E26812FE8D0}.Release|Any CPU.Build.0 = Release|Any CPU
		{1D168388-C364-4D58-9AC3-418168617FB2}.Debug|Any CPU.ActiveCfg = Debug|Any CPU
		{1D168388-C364-4D58-9AC3-418168617FB2}.Debug|Any CPU.Build.0 = Debug|Any CPU
		{1D168388-C364-4D58-9AC3-418168617FB2}.Release|Any CPU.ActiveCfg = Release|Any CPU
		{1D168388-C364-4D58-9AC3-418168617FB2}.Release|Any CPU.Build.0 = Release|Any CPU
		{70CF99F4-A4E1-4728-8344-69F3217AECE7}.Debug|Any CPU.ActiveCfg = Debug|Any CPU
		{70CF99F4-A4E1-4728-8344-69F3217AECE7}.Debug|Any CPU.Build.0 = Debug|Any CPU
		{70CF99F4-A4E1-4728-8344-69F3217AECE7}.Release|Any CPU.ActiveCfg = Release|Any CPU
		{70CF99F4-A4E1-4728-8344-69F3217AECE7}.Release|Any CPU.Build.0 = Release|Any CPU
		{4566F919-FAE0-41EE-995D-6E0600F2279B}.Debug|Any CPU.ActiveCfg = Debug|Any CPU
		{4566F919-FAE0-41EE-995D-6E0600F2279B}.Debug|Any CPU.Build.0 = Debug|Any CPU
		{4566F919-FAE0-41EE-995D-6E0600F2279B}.Release|Any CPU.ActiveCfg = Release|Any CPU
		{4566F919-FAE0-41EE-995D-6E0600F2279B}.Release|Any CPU.Build.0 = Release|Any CPU
		{BD6911A9-899D-4BFD-B333-E8B01FD53884}.Debug|Any CPU.ActiveCfg = Debug|Any CPU
		{BD6911A9-899D-4BFD-B333-E8B01FD53884}.Debug|Any CPU.Build.0 = Debug|Any CPU
		{BD6911A9-899D-4BFD-B333-E8B01FD53884}.Release|Any CPU.ActiveCfg = Release|Any CPU
		{BD6911A9-899D-4BFD-B333-E8B01FD53884}.Release|Any CPU.Build.0 = Release|Any CPU
		{99F85D29-57AE-4246-82C1-7B5B7A9E6A49}.Debug|Any CPU.ActiveCfg = Debug|Any CPU
		{99F85D29-57AE-4246-82C1-7B5B7A9E6A49}.Debug|Any CPU.Build.0 = Debug|Any CPU
		{99F85D29-57AE-4246-82C1-7B5B7A9E6A49}.Release|Any CPU.ActiveCfg = Release|Any CPU
		{99F85D29-57AE-4246-82C1-7B5B7A9E6A49}.Release|Any CPU.Build.0 = Release|Any CPU
		{BA6D90A1-CE1A-4EEB-9EDC-4FD271AB75FD}.Debug|Any CPU.ActiveCfg = Debug|Any CPU
		{BA6D90A1-CE1A-4EEB-9EDC-4FD271AB75FD}.Debug|Any CPU.Build.0 = Debug|Any CPU
		{BA6D90A1-CE1A-4EEB-9EDC-4FD271AB75FD}.Release|Any CPU.ActiveCfg = Release|Any CPU
		{BA6D90A1-CE1A-4EEB-9EDC-4FD271AB75FD}.Release|Any CPU.Build.0 = Release|Any CPU
		{9B9C7947-597C-4FFC-9AB2-E102A0A80A89}.Debug|Any CPU.ActiveCfg = Debug|Any CPU
		{9B9C7947-597C-4FFC-9AB2-E102A0A80A89}.Debug|Any CPU.Build.0 = Debug|Any CPU
		{9B9C7947-597C-4FFC-9AB2-E102A0A80A89}.Release|Any CPU.ActiveCfg = Release|Any CPU
		{9B9C7947-597C-4FFC-9AB2-E102A0A80A89}.Release|Any CPU.Build.0 = Release|Any CPU
		{AC335E04-DE7B-477F-BF6E-97FAC983FA8F}.Debug|Any CPU.ActiveCfg = Debug|Any CPU
		{AC335E04-DE7B-477F-BF6E-97FAC983FA8F}.Debug|Any CPU.Build.0 = Debug|Any CPU
		{AC335E04-DE7B-477F-BF6E-97FAC983FA8F}.Release|Any CPU.ActiveCfg = Release|Any CPU
		{AC335E04-DE7B-477F-BF6E-97FAC983FA8F}.Release|Any CPU.Build.0 = Release|Any CPU
		{41EFAFAD-DADE-4F33-AA99-5153F90A29CB}.Debug|Any CPU.ActiveCfg = Debug|Any CPU
		{41EFAFAD-DADE-4F33-AA99-5153F90A29CB}.Debug|Any CPU.Build.0 = Debug|Any CPU
		{41EFAFAD-DADE-4F33-AA99-5153F90A29CB}.Release|Any CPU.ActiveCfg = Release|Any CPU
		{41EFAFAD-DADE-4F33-AA99-5153F90A29CB}.Release|Any CPU.Build.0 = Release|Any CPU
		{507C3F02-766E-48C1-ADD3-E0B4CF00A1E1}.Debug|Any CPU.ActiveCfg = Debug|Any CPU
		{507C3F02-766E-48C1-ADD3-E0B4CF00A1E1}.Debug|Any CPU.Build.0 = Debug|Any CPU
		{507C3F02-766E-48C1-ADD3-E0B4CF00A1E1}.Release|Any CPU.ActiveCfg = Release|Any CPU
		{507C3F02-766E-48C1-ADD3-E0B4CF00A1E1}.Release|Any CPU.Build.0 = Release|Any CPU
		{EB07C340-ED7C-4C4A-9FBE-842B06E656C7}.Debug|Any CPU.ActiveCfg = Debug|Any CPU
		{EB07C340-ED7C-4C4A-9FBE-842B06E656C7}.Debug|Any CPU.Build.0 = Debug|Any CPU
		{EB07C340-ED7C-4C4A-9FBE-842B06E656C7}.Release|Any CPU.ActiveCfg = Release|Any CPU
		{EB07C340-ED7C-4C4A-9FBE-842B06E656C7}.Release|Any CPU.Build.0 = Release|Any CPU
		{781C3C4E-982A-401C-8F45-2E667A0A9B12}.Debug|Any CPU.ActiveCfg = Debug|Any CPU
		{781C3C4E-982A-401C-8F45-2E667A0A9B12}.Debug|Any CPU.Build.0 = Debug|Any CPU
		{781C3C4E-982A-401C-8F45-2E667A0A9B12}.Release|Any CPU.ActiveCfg = Release|Any CPU
		{781C3C4E-982A-401C-8F45-2E667A0A9B12}.Release|Any CPU.Build.0 = Release|Any CPU
	EndGlobalSection
	GlobalSection(SolutionProperties) = preSolution
		HideSolutionNode = FALSE
	EndGlobalSection
	GlobalSection(NestedProjects) = preSolution
		{A0A7EF5A-4C9F-4615-9C34-889D4D5968C6} = {5B9300D7-CF9A-4251-8CB6-561963BBBC44}
		{E079281E-92BC-4A5C-A112-EE937440D2D9} = {5B9300D7-CF9A-4251-8CB6-561963BBBC44}
		{660A2042-F060-44FD-91F8-B9785D050363} = {A0A7EF5A-4C9F-4615-9C34-889D4D5968C6}
		{889C2FD2-E16B-4E7F-A3E8-48C0888520FB} = {C6F608F7-B79D-4E34-8E80-2948C251A389}
		{0A97D35A-5DDB-4C1B-AB76-20265F1D51A3} = {A0A7EF5A-4C9F-4615-9C34-889D4D5968C6}
		{C1A22FB2-C1A6-4838-A734-6596C532AF5F} = {A0A7EF5A-4C9F-4615-9C34-889D4D5968C6}
		{70F81033-E5E9-4E0D-9C51-A35AF561096E} = {A0A7EF5A-4C9F-4615-9C34-889D4D5968C6}
		{4A54C232-6047-4419-AE49-973C9957D641} = {E079281E-92BC-4A5C-A112-EE937440D2D9}
		{02609A44-6412-44B5-82C1-1E26812FE8D0} = {E079281E-92BC-4A5C-A112-EE937440D2D9}
		{0826F69A-6985-404D-8D78-6B9AA1CBAD58} = {4D17FF9A-0108-4439-8ABA-B28810F8644F}
		{CDA81294-9511-499A-9B4A-91B8E67F4CF0} = {4D17FF9A-0108-4439-8ABA-B28810F8644F}
		{1D168388-C364-4D58-9AC3-418168617FB2} = {0826F69A-6985-404D-8D78-6B9AA1CBAD58}
		{49F5352D-F008-4927-A18E-1953D0D8C6A0} = {0826F69A-6985-404D-8D78-6B9AA1CBAD58}
		{D52066A4-0B08-4BCA-B0A0-1A8FEA04A860} = {49F5352D-F008-4927-A18E-1953D0D8C6A0}
		{72D57402-6776-4AA2-89A7-985EE472FBFB} = {E4C00B5E-3699-44B8-8CA1-97577B858B48}
		{06E9484A-17C7-43A0-AD6D-8DF18C02F4ED} = {72D57402-6776-4AA2-89A7-985EE472FBFB}
		{0072CF27-078C-477F-81BE-CF4AD59B9261} = {72D57402-6776-4AA2-89A7-985EE472FBFB}
		{65E34109-8D8F-4C4C-8F6F-1BF50922642B} = {E4C00B5E-3699-44B8-8CA1-97577B858B48}
		{70CF99F4-A4E1-4728-8344-69F3217AECE7} = {C6F608F7-B79D-4E34-8E80-2948C251A389}
		{B64804BB-0C4E-4EA4-AFC1-AAC15AEEB52E} = {5B9300D7-CF9A-4251-8CB6-561963BBBC44}
		{4566F919-FAE0-41EE-995D-6E0600F2279B} = {B64804BB-0C4E-4EA4-AFC1-AAC15AEEB52E}
		{BD6911A9-899D-4BFD-B333-E8B01FD53884} = {B64804BB-0C4E-4EA4-AFC1-AAC15AEEB52E}
		{99F85D29-57AE-4246-82C1-7B5B7A9E6A49} = {B64804BB-0C4E-4EA4-AFC1-AAC15AEEB52E}
		{BA6D90A1-CE1A-4EEB-9EDC-4FD271AB75FD} = {B64804BB-0C4E-4EA4-AFC1-AAC15AEEB52E}
		{54CB7A3A-1704-498B-AF10-35A402CA60BC} = {65E34109-8D8F-4C4C-8F6F-1BF50922642B}
		{A4C96F73-CEED-4B18-9ADF-190F7F4F562C} = {FE3C050E-F4DB-4EB1-8DF1-09DE96609FA4}
		{9B9C7947-597C-4FFC-9AB2-E102A0A80A89} = {CDA81294-9511-499A-9B4A-91B8E67F4CF0}
		{AC335E04-DE7B-477F-BF6E-97FAC983FA8F} = {E079281E-92BC-4A5C-A112-EE937440D2D9}
		{41EFAFAD-DADE-4F33-AA99-5153F90A29CB} = {CDA81294-9511-499A-9B4A-91B8E67F4CF0}
		{0A256F41-B378-46A5-8CD4-70ADB3619C12} = {87E2CF1E-C446-4833-8BE1-C63BD19314CC}
		{507C3F02-766E-48C1-ADD3-E0B4CF00A1E1} = {0826F69A-6985-404D-8D78-6B9AA1CBAD58}
		{EB07C340-ED7C-4C4A-9FBE-842B06E656C7} = {1724F67F-0084-4C78-8DA2-0DE13B458A48}
		{1724F67F-0084-4C78-8DA2-0DE13B458A48} = {4D17FF9A-0108-4439-8ABA-B28810F8644F}
		{781C3C4E-982A-401C-8F45-2E667A0A9B12} = {1724F67F-0084-4C78-8DA2-0DE13B458A48}
		{3ABCDC9B-E286-4A08-B68D-E2E3519907D0} = {65E34109-8D8F-4C4C-8F6F-1BF50922642B}
		{F4798BC9-DD24-48F9-8495-A13BAD81087C} = {3ABCDC9B-E286-4A08-B68D-E2E3519907D0}
		{9A11B177-AD5C-47A6-B911-43466EB3CF21} = {3ABCDC9B-E286-4A08-B68D-E2E3519907D0}
		{B9839A41-8809-4F99-8A8F-6D7C89B95666} = {3ABCDC9B-E286-4A08-B68D-E2E3519907D0}
		{F6594F67-77AF-42B1-BDA9-A92BC328C677} = {65E34109-8D8F-4C4C-8F6F-1BF50922642B}
		{FCF88B30-817B-484F-8302-287D2BF71B0F} = {F6594F67-77AF-42B1-BDA9-A92BC328C677}
		{A3119948-528E-45A0-B7DE-8CBE90CB7F3C} = {F6594F67-77AF-42B1-BDA9-A92BC328C677}
		{D914C194-6291-4DEA-9E61-C7A9A71B6000} = {F6594F67-77AF-42B1-BDA9-A92BC328C677}
		{567F865B-20B4-43E6-8EC0-ADD37EED5998} = {F6594F67-77AF-42B1-BDA9-A92BC328C677}
		{4A2E8487-1833-43B9-9C0C-879BA4987DED} = {72D57402-6776-4AA2-89A7-985EE472FBFB}
		{F0F3BB09-DD6A-4884-8FF0-D7CD58237267} = {D3EF28FA-C78F-449A-8CFE-90FFC547433A}
		{D3EF28FA-C78F-449A-8CFE-90FFC547433A} = {06E9484A-17C7-43A0-AD6D-8DF18C02F4ED}
		{24CFF405-DBAD-4B43-9B30-AB8D61E95E67} = {06E9484A-17C7-43A0-AD6D-8DF18C02F4ED}
		{AF358A06-4B82-494F-969D-376E5CA6B859} = {E4C00B5E-3699-44B8-8CA1-97577B858B48}
		{39620063-92EA-4752-91E4-768D56847B62} = {F6594F67-77AF-42B1-BDA9-A92BC328C677}
		{837296EE-DD1C-43C8-9621-8CC6491B40FA} = {0072CF27-078C-477F-81BE-CF4AD59B9261}
		{DFEDB4FD-E103-40DC-8775-ABCF5E0875FF} = {837296EE-DD1C-43C8-9621-8CC6491B40FA}
		{16B58B83-1C33-402C-8E58-FA8C0796D213} = {0072CF27-078C-477F-81BE-CF4AD59B9261}
		{AC2444B9-6EF2-475D-8B34-0355135E2F50} = {06E9484A-17C7-43A0-AD6D-8DF18C02F4ED}
		{723FB16C-CB7A-408F-9B30-980096E25409} = {0072CF27-078C-477F-81BE-CF4AD59B9261}
		{F10E587E-29B5-41F8-892D-FC2DD1455DF3} = {06E9484A-17C7-43A0-AD6D-8DF18C02F4ED}
		{908CB9ED-A3BB-42D9-BCA9-26AFCDD67E2F} = {F10E587E-29B5-41F8-892D-FC2DD1455DF3}
		{36F0E436-0E12-4B0B-9415-A834D1E397A9} = {0072CF27-078C-477F-81BE-CF4AD59B9261}
		{FD3D638F-5640-4054-817E-7C59B5C0A60E} = {36F0E436-0E12-4B0B-9415-A834D1E397A9}
	EndGlobalSection
	GlobalSection(ExtensibilityGlobals) = postSolution
		SolutionGuid = {0BACC71D-1CC4-46AF-A7D1-C1ED5C93F8A6}
	EndGlobalSection
EndGlobal
